{
  "version": "5",
  "specifiers": {
    "npm:@noble/ed25519@^3.1.0": "3.1.0",
    "npm:@noble/hashes@^2.2.0": "2.2.0",
    "npm:@scure/base@^2.2.0": "2.2.0",
    "npm:@supabase/supabase-js@^2.45.0": "2.50.0",
    "npm:@types/bun@latest": "1.3.14",
    "npm:typescript@^5.6.0": "5.8.3"
  },
  "npm": {
    "@noble/ed25519@3.1.0": {
      "integrity": "sha512-pfcObRY3CtvwfaG9Mt5XqZdKmAQppl37tHUeuBhDUbiwJBCVY4/A4lbMvb1xKhMDx96AqAqZpMWuBX1HulhX4g=="
    },
    "@noble/hashes@2.2.0": {
      "integrity": "sha512-IYqDGiTXab6FniAgnSdZwgWbomxpy9FtYvLKs7wCUs2a8RkITG+DFGO1DM9cr+E3/RgADRpFjrKVaJ1z6sjtEg=="
    },
    "@scure/base@2.2.0": {
      "integrity": "sha512-b8XEupJibegiXV+tDUseI8oLQc8ei3d/4Jkb2RpbHh3MfE054ov3uIz2dhFkB3FI8iwYkEh0gGCApkrYggkPNg=="
    },
    "@supabase/auth-js@2.70.0": {
      "integrity": "sha512-BaAK/tOAZFJtzF1sE3gJ2FwTjLf4ky3PSvcvLGEgEmO4BSBkwWKu8l67rLLIBZPDnCyV7Owk2uPyKHa0kj5QGg==",
      "dependencies": [
        "@supabase/node-fetch"
      ]
    },
    "@supabase/functions-js@2.4.4": {
      "integrity": "sha512-WL2p6r4AXNGwop7iwvul2BvOtuJ1YQy8EbOd0dhG1oN1q8el/BIRSFCFnWAMM/vJJlHWLi4ad22sKbKr9mvjoA==",
      "dependencies": [
        "@supabase/node-fetch"
      ]
    },
    "@supabase/node-fetch@2.6.15": {
      "integrity": "sha512-1ibVeYUacxWYi9i0cf5efil6adJ9WRyZBLivgjs+AUpewx1F3xPi7gLgaASI2SmIQxPoCEjAsLAzKPgMJVgOUQ==",
      "dependencies": [
        "whatwg-url"
      ]
    },
    "@supabase/postgrest-js@1.19.4": {
      "integrity": "sha512-O4soKqKtZIW3olqmbXXbKugUtByD2jPa8kL2m2c1oozAO11uCcGrRhkZL0kVxjBLrXHE0mdSkFsMj7jDSfyNpw==",
      "dependencies": [
        "@supabase/node-fetch"
      ]
    },
    "@supabase/realtime-js@2.11.10": {
      "integrity": "sha512-SJKVa7EejnuyfImrbzx+HaD9i6T784khuw1zP+MBD7BmJYChegGxYigPzkKX8CK8nGuDntmeSD3fvriaH0EGZA==",
      "dependencies": [
        "@supabase/node-fetch",
        "@types/phoenix",
        "@types/ws",
        "ws"
      ]
    },
    "@supabase/storage-js@2.7.1": {
      "integrity": "sha512-asYHcyDR1fKqrMpytAS1zjyEfvxuOIp1CIXX7ji4lHHcJKqyk+sLl/Vxgm4sN6u8zvuUtae9e4kDxQP2qrwWBA==",
      "dependencies": [
        "@supabase/node-fetch"
      ]
    },
    "@supabase/supabase-js@2.50.0": {
      "integrity": "sha512-M1Gd5tPaaghYZ9OjeO1iORRqbTWFEz/cF3pPubRnMPzA+A8SiUsXXWDP+DWsASZcjEcVEcVQIAF38i5wrijYOg==",
      "dependencies": [
        "@supabase/auth-js",
        "@supabase/functions-js",
        "@supabase/node-fetch",
        "@supabase/postgrest-js",
        "@supabase/realtime-js",
        "@supabase/storage-js"
      ]
    },
    "@types/bun@1.3.14": {
      "integrity": "sha512-h1hFqFVcvAvD9j9K7ZW7vd82aSA+rTdznZa+5bwvCwqSB1jmmfLcbIWhOLx1/+boy/xmjgCs/OMUL8hRJSmnPw==",
      "dependencies": [
        "bun-types"
      ]
    },
    "@types/node@22.15.15": {
      "integrity": "sha512-R5muMcZob3/Jjchn5LcO8jdKwSCbzqmPB6ruBxMcf9kbxtniZHP327s6C37iOfuw8mbKK3cAQa7sEl7afLrQ8A==",
      "dependencies": [
        "undici-types"
      ]
    },
    "@types/phoenix@1.6.6": {
      "integrity": "sha512-PIzZZlEppgrpoT2QgbnDU+MMzuR6BbCjllj0bM70lWoejMeNJAxCchxnv7J3XFkI8MpygtRpzXrIlmWUBclP5A=="
    },
    "@types/ws@8.18.1": {
      "integrity": "sha512-ThVF6DCVhA8kUGy+aazFQ4kXQ7E1Ty7A3ypFOe0IcJV8O/M511G99AW24irKrW56Wt44yG9+ij8FaqoBGkuBXg==",
      "dependencies": [
        "@types/node"
      ]
    },
    "bun-types@1.3.14": {
      "integrity": "sha512-4N0ig0fEomHt5R0KCFWjovxow98rIoRwKolrYdCcknNwMekCXRnWEUvgu5soYV8QXtVsrUD8B95MBOZGPvr6KQ==",
      "dependencies": [
        "@types/node"
      ]
    },
    "tr46@0.0.3": {
      "integrity": "sha512-N3WMsuqV66lT30CrXNbEjx4GEwlow3v6rr4mCcv6prnfwhS01rkgyFdjPNBYd9br7LpXV1+Emh01fHnq2Gdgrw=="
    },
    "typescript@5.8.3": {
      "integrity": "sha512-p1diW6TqL9L07nNxvRMM7hMMw4c5XOo/1ibL4aAIGmSAt9slTE1Xgw5KWuof2uTOvCg9BY7ZRi+GaF+7sfgPeQ==",
      "bin": true
    },
    "ulid@2.4.0": {
      "integrity": "sha512-fIRiVTJNcSRmXKPZtGzFQv9WRrZ3M9eoptl/teFJvjOzmpU+/K/JH6HZ8deBfb5vMEpicJcLn7JmvdknlMq7Zg==",
      "bin": true
    },
    "undici-types@6.21.0": {
      "integrity": "sha512-iwDZqg0QAGrg9Rav5H4n0M64c3mkR59cJ6wQp+7C4nI0gsmExaedaYLNO44eT4AtBBwjbTiGPMlt2Md0T9H9JQ=="
    },
    "webidl-conversions@3.0.1": {
      "integrity": "sha512-2JAn3z8AR6rjK8Sm8orRC0h/bcl/DqL7tRPdGZ4I1CjdF+EaMLmYxBHyXuKL849eucPFhvBoxMsflfOb8kxaeQ=="
    },
    "whatwg-url@5.0.0": {
      "integrity": "sha512-saE57nupxk6v3HY35+jzBwYa0rKSy0XR8JSxZPwgLr7ys0IBzhGviA1/TUGJLmSVqs8pb9AnvICXEuOHLprYTw==",
      "dependencies": [
        "tr46",
        "webidl-conversions"
      ]
    },
    "ws@8.18.3": {
      "integrity": "sha512-PEIGCY5tSlUt50cqyMXfCzX+oOPqN0vuGqWzbcJ2xvnkzkq46oOpz7dQaTDBdfICb4N14+GARUDw2XV2N4tvzg=="
    }
  },
  "remote": {
    "https://esm.sh/@noble/ed25519@3.1.0": "289489284e4618d2bcb009677acc757ae188df831724ad5688a071aefc83be48",
    "https://esm.sh/@noble/ed25519@3.1.0/denonext/ed25519.mjs": "5fd1899d384ca0fc5fdfcc576cdb7cc30aae7085bda5ffa5e6f8a6ff067d828d",
    "https://esm.sh/@noble/hashes@2.2.0/denonext/_md.mjs": "e243c7ab62f616117b15a25112fa315e5d7c2da2c595ebb336050a9996556e86",
    "https://esm.sh/@noble/hashes@2.2.0/denonext/_u64.mjs": "bf8938289ab1dfd5e87f3a9db9823cfc7386427d08958a5f6c74e7a67db43bf0",
    "https://esm.sh/@noble/hashes@2.2.0/denonext/sha2.mjs": "37af844c4f78c0158bd33b7c4f6fa7780410cf5cf91254349b97f142c4fcad80",
    "https://esm.sh/@noble/hashes@2.2.0/denonext/utils.mjs": "b080a64690ba87d0a59cf9c29a3030b67230445e4615f4a9ca2be66a2190ffc7",
    "https://esm.sh/@noble/hashes@2.2.0/sha2.js": "5e49936c41b220838e59aebd8b5c31c609ecfa3d55abb2429affff3166dbf47c",
    "https://esm.sh/@scure/base@1.2.0": "1848b85486a0a7097f76712b72dd77dd8b596c4c727e9b58ff3b57e73d73a03a",
    "https://esm.sh/@scure/base@1.2.0/denonext/base.mjs": "7e76ff532c445180133988555a3d0e10b501cdce91fcfb0e361aa85fb24d51d0",
    "https://esm.sh/@scure/base@2.2.0": "6278892d0fbf735fd6348350ba6079ba526dc894b64b80c9b5585ff39f5f9c97",
    "https://esm.sh/@scure/base@2.2.0/denonext/base.mjs": "29cb4009638c708f02554bd4c18d2fccba88e43d275df86d0081a2689a1deead",
    "https://esm.sh/ulid@2.3.0": "eaec41b54ea2a4dcf265607ae1db42f7e8ba32033601fa5e74a11014444b920f",
    "https://esm.sh/ulid@2.3.0/denonext/ulid.mjs": "a546c524dbf79e65e3db42f89a8d5d9a7920b682c26fe053a7643873d0533fef"
  },
  "workspace": {
    "packageJson": {
      "dependencies": [
        "npm:@types/bun@latest",
        "npm:typescript@^5.6.0"
      ]
    },
    "members": {
      "packages/protocol": {
        "packageJson": {
          "dependencies": [
            "npm:@noble/ed25519@^3.1.0",
            "npm:@noble/hashes@^2.2.0",
            "npm:@scure/base@^2.2.0",
            "npm:typescript@^5.6.0",
            "npm:ulid@^2.3.0"
          ]
        }
      }
    }
  }
}
